{
  "nodes": {
    "haskell-flake": {
      "flake": false,
      "locked": {
        "lastModified": 1716088826,
        "narHash": "sha256-jLNcBHylm1J/Q1Vz7Swsao5J8lZAhQKKSUNHl+r1K7k=",
        "owner": "srid",
        "repo": "haskell-flake",
        "rev": "440b0f1d69c1b9bb1831c29b573cf3d2e50a2c9c",
        "type": "github"
      },
      "original": {
        "owner": "srid",
        "repo": "haskell-flake",
        "type": "github"
      }
    },
    "nix-dev-home": {
      "flake": false,
      "locked": {
        "lastModified": 1716923620,
        "narHash": "sha256-1wFoaFGJ6bWKLUAWyFGewIm/wUqCTltx+OQYGttlBLo=",
        "owner": "juspay",
        "repo": "nix-dev-home",
        "rev": "5c8f1aa430824d160e6849a311d6aa9cb8fb0f66",
        "type": "github"
      },
      "original": {
        "owner": "juspay",
        "repo": "nix-dev-home",
        "type": "github"
      }
    },
    "nixpkgs": {
      "locked": {
        "lastModified": 1716358718,
        "narHash": "sha256-NQbegJb2ZZnAqp2EJhWwTf6DrZXSpA6xZCEq+RGV1r0=",
        "owner": "NixOS",
        "repo": "nixpkgs",
        "rev": "3f316d2a50699a78afe5e77ca486ad553169061e",
        "type": "github"
      },
      "original": {
        "owner": "NixOS",
        "ref": "nixpkgs-unstable",
        "repo": "nixpkgs",
        "type": "github"
      }
    },
    "root": {
      "inputs": {
        "haskell-flake": "haskell-flake",
        "nix-dev-home": "nix-dev-home",
        "nixpkgs": "nixpkgs"
      }
    }
  },
  "root": "root",
  "version": 7
}
